
Microsoft Visual Studio Solution File, Format Version 12.00
# Visual Studio Version 17
VisualStudioVersion = 17.7.34024.191
MinimumVisualStudioVersion = 10.0.40219.1
Project("{8BC9CEB8-8B4A-11D0-8D11-00A0C91BC942}") = "QtApp_Notepad", "QtApp_Notepad\QtApp_Notepad.vcxproj", "{05AAC71F-CAD0-4788-8B4C-7ADE73A2ECA6}"
EndProject
Global
	GlobalSection(SolutionConfigurationPlatforms) = preSolution
		Debug|x64 = Debug|x64
		Release|x64 = Release|x64
	EndGlobalSection
	GlobalSection(ProjectConfigurationPlatforms) = postSolution
		{05AAC71F-CAD0-4788-8B4C-7ADE73A2ECA6}.Debug|x64.ActiveCfg = Debug|x64
		{05AAC71F-CAD0-4788-8B4C-7ADE73A2ECA6}.Debug|x64.Build.0 = Debug|x64
		{05AAC71F-CAD0-4788-8B4C-7ADE73A2ECA6}.Release|x64.ActiveCfg = Release|x64
		{05AAC71F-CAD0-4788-8B4C-7ADE73A2ECA6}.Release|x64.Build.0 = Release|x64
	EndGlobalSection
	GlobalSection(SolutionProperties) = preSolution
		HideSolutionNode = FALSE
	EndGlobalSection
	GlobalSection(ExtensibilityGlobals) = postSolution
		SolutionGuid = {20611FF4-D666-4A41-938A-3BB47C9C04F4}
	EndGlobalSection
EndGlobal
